
Microsoft Visual Studio Solution File, Format Version 12.00
# Visual Studio Version 17
VisualStudioVersion = 17.0.31903.59
MinimumVisualStudioVersion = 10.0.40219.1
Project("{2150E333-8FDC-42A3-9474-1A3956D46DE8}") = "src", "src", "{764036A2-1998-46BB-8068-62F1986CD9C9}"
EndProject
Project("{FAE04EC0-301F-11D3-BF4B-00C04F79EFBC}") = "CortaFeStudio.Api", "src\CortaFeStudio.Api\CortaFeStudio.Api.csproj", "{8AD335AB-51B8-4904-9672-1EACB737B548}"
EndProject
Project("{FAE04EC0-301F-11D3-BF4B-00C04F79EFBC}") = "CortaFeStudio.Tests", "tests\CortaFeStudio.Tests\CortaFeStudio.Tests.csproj", "{D7D55CB1-2E10-4D17-BF37-5E068494855B}"
EndProject
Global
	GlobalSection(SolutionConfigurationPlatforms) = preSolution
		Debug|Any CPU = Debug|Any CPU
		Release|Any CPU = Release|Any CPU
	EndGlobalSection
	GlobalSection(SolutionProperties) = preSolution
		HideSolutionNode = FALSE
	EndGlobalSection
	GlobalSection(ProjectConfigurationPlatforms) = postSolution
		{8AD335AB-51B8-4904-9672-1EACB737B548}.Debug|Any CPU.ActiveCfg = Debug|Any CPU
		{8AD335AB-51B8-4904-9672-1EACB737B548}.Debug|Any CPU.Build.0 = Debug|Any CPU
		{8AD335AB-51B8-4904-9672-1EACB737B548}.Release|Any CPU.ActiveCfg = Release|Any CPU
		{8AD335AB-51B8-4904-9672-1EACB737B548}.Release|Any CPU.Build.0 = Release|Any CPU
		{D7D55CB1-2E10-4D17-BF37-5E068494855B}.Debug|Any CPU.ActiveCfg = Debug|Any CPU
		{D7D55CB1-2E10-4D17-BF37-5E068494855B}.Debug|Any CPU.Build.0 = Debug|Any CPU
		{D7D55CB1-2E10-4D17-BF37-5E068494855B}.Release|Any CPU.ActiveCfg = Release|Any CPU
		{D7D55CB1-2E10-4D17-BF37-5E068494855B}.Release|Any CPU.Build.0 = Release|Any CPU
	EndGlobalSection
	GlobalSection(NestedProjects) = preSolution
		{8AD335AB-51B8-4904-9672-1EACB737B548} = {764036A2-1998-46BB-8068-62F1986CD9C9}
	EndGlobalSection
EndGlobal
